// !$*UTF8*$!
{
	archiveVersion = 1;
	classes = {
	};
	objectVersion = 46;
	objects = {

/* Begin PBXBuildFile section */
		B50CF3BD19AB17B300C9D3D2 /* AppDelegate.swift in Sources */ = {isa = PBXBuildFile; fileRef = B50CF3BC19AB17B300C9D3D2 /* AppDelegate.swift */; };
		B50CF3BF19AB17B400C9D3D2 /* ViewController.swift in Sources */ = {isa = PBXBuildFile; fileRef = B50CF3BE19AB17B400C9D3D2 /* ViewController.swift */; };
		B50CF3C219AB17B400C9D3D2 /* Main.storyboard in Resources */ = {isa = PBXBuildFile; fileRef = B50CF3C019AB17B400C9D3D2 /* Main.storyboard */; };
		B50CF3C419AB17B400C9D3D2 /* Images.xcassets in Resources */ = {isa = PBXBuildFile; fileRef = B50CF3C319AB17B400C9D3D2 /* Images.xcassets */; };
		B50CF3D019AB17B400C9D3D2 /* tipcalculatorTests.swift in Sources */ = {isa = PBXBuildFile; fileRef = B50CF3CF19AB17B400C9D3D2 /* tipcalculatorTests.swift */; };
/* End PBXBuildFile section */

/* Begin PBXContainerItemProxy section */
		B50CF3CA19AB17B400C9D3D2 /* PBXContainerItemProxy */ = {
			isa = PBXContainerItemProxy;
			containerPortal = B50CF3AF19AB17B100C9D3D2 /* Project object */;
			proxyType = 1;
			remoteGlobalIDString = B50CF3B619AB17B200C9D3D2;
			remoteInfo = tipcalculator;
		};
/* End PBXContainerItemProxy section */

/* Begin PBXFileReference section */
		B50CF3B719AB17B200C9D3D2 /* tipcalculator.app */ = {isa = PBXFileReference; explicitFileType = wrapper.application; includeInIndex = 0; path = tipcalculator.app; sourceTree = BUILT_PRODUCTS_DIR; };
		B50CF3BB19AB17B200C9D3D2 /* Info.plist */ = {isa = PBXFileReference; lastKnownFileType = text.plist.xml; path = Info.plist; sourceTree = "<group>"; };
		B50CF3BC19AB17B300C9D3D2 /* AppDelegate.swift */ = {isa = PBXFileReference; lastKnownFileType = sourcecode.swift; path = AppDelegate.swift; sourceTree = "<group>"; };
		B50CF3BE19AB17B400C9D3D2 /* ViewController.swift */ = {isa = PBXFileReference; lastKnownFileType = sourcecode.swift; path = ViewController.swift; sourceTree = "<group>"; };
		B50CF3C119AB17B400C9D3D2 /* Base */ = {isa = PBXFileReference; lastKnownFileType = file.storyboard; name = Base; path = Base.lproj/Main.storyboard; sourceTree = "<group>"; };
		B50CF3C319AB17B400C9D3D2 /* Images.xcassets */ = {isa = PBXFileReference; lastKnownFileType = folder.assetcatalog; path = Images.xcassets; sourceTree = "<group>"; };
		B50CF3C919AB17B400C9D3D2 /* tipcalculatorTests.xctest */ = {isa = PBXFileReference; explicitFileType = wrapper.cfbundle; includeInIndex = 0; path = tipcalculatorTests.xctest; sourceTree = BUILT_PRODUCTS_DIR; };
		B50CF3CE19AB17B400C9D3D2 /* Info.plist */ = {isa = PBXFileReference; lastKnownFileType = text.plist.xml; path = Info.plist; sourceTree = "<group>"; };
		B50CF3CF19AB17B400C9D3D2 /* tipcalculatorTests.swift */ = {isa = PBXFileReference; lastKnownFileType = sourcecode.swift; path = tipcalculatorTests.swift; sourceTree = "<group>"; };
/* End PBXFileReference section */

/* Begin PBXFrameworksBuildPhase section */
		B50CF3B419AB17B200C9D3D2 /* Frameworks */ = {
			isa = PBXFrameworksBuildPhase;
			buildActionMask = 2147483647;
			files = (
			);
			runOnlyForDeploymentPostprocessing = 0;
		};
		B50CF3C619AB17B400C9D3D2 /* Frameworks */ = {
			isa = PBXFrameworksBuildPhase;
			buildActionMask = 2147483647;
			files = (
			);
			runOnlyForDeploymentPostprocessing = 0;
		};
/* End PBXFrameworksBuildPhase section */

/* Begin PBXGroup section */
		B50CF3AE19AB17B100C9D3D2 = {
			isa = PBXGroup;
			children = (
				B50CF3B919AB17B200C9D3D2 /* tipcalculator */,
				B50CF3CC19AB17B400C9D3D2 /* tipcalculatorTests */,
				B50CF3B819AB17B200C9D3D2 /* Products */,
			);
			sourceTree = "<group>";
		};
		B50CF3B819AB17B200C9D3D2 /* Products */ = {
			isa = PBXGroup;
			children = (
				B50CF3B719AB17B200C9D3D2 /* tipcalculator.app */,
				B50CF3C919AB17B400C9D3D2 /* tipcalculatorTests.xctest */,
			);
			name = Products;
			sourceTree = "<group>";
		};
		B50CF3B919AB17B200C9D3D2 /* tipcalculator */ = {
			isa = PBXGroup;
			children = (
				B50CF3BC19AB17B300C9D3D2 /* AppDelegate.swift */,
				B50CF3BE19AB17B400C9D3D2 /* ViewController.swift */,
				B50CF3C019AB17B400C9D3D2 /* Main.storyboard */,
				B50CF3C319AB17B400C9D3D2 /* Images.xcassets */,
				B50CF3BA19AB17B200C9D3D2 /* Supporting Files */,
			);
			path = tipcalculator;
			sourceTree = "<group>";
		};
		B50CF3BA19AB17B200C9D3D2 /* Supporting Files */ = {
			isa = PBXGroup;
			children = (
				B50CF3BB19AB17B200C9D3D2 /* Info.plist */,
			);
			name = "Supporting Files";
			sourceTree = "<group>";
		};
		B50CF3CC19AB17B400C9D3D2 /* tipcalculatorTests */ = {
			isa = PBXGroup;
			children = (
				B50CF3CF19AB17B400C9D3D2 /* tipcalculatorTests.swift */,
				B50CF3CD19AB17B400C9D3D2 /* Supporting Files */,
			);
			path = tipcalculatorTests;
			sourceTree = "<group>";
		};
		B50CF3CD19AB17B400C9D3D2 /* Supporting Files */ = {
			isa = PBXGroup;
			children = (
				B50CF3CE19AB17B400C9D3D2 /* Info.plist */,
			);
			name = "Supporting Files";
			sourceTree = "<group>";
		};
/* End PBXGroup section */

/* Begin PBXNativeTarget section */
		B50CF3B619AB17B200C9D3D2 /* tipcalculator */ = {
			isa = PBXNativeTarget;
			buildConfigurationList = B50CF3D319AB17B400C9D3D2 /* Build configuration list for PBXNativeTarget "tipcalculator" */;
			buildPhases = (
				B50CF3B319AB17B200C9D3D2 /* Sources */,
				B50CF3B419AB17B200C9D3D2 /* Frameworks */,
				B50CF3B519AB17B200C9D3D2 /* Resources */,
			);
			buildRules = (
			);
			dependencies = (
			);
			name = tipcalculator;
			productName = tipcalculator;
			productReference = B50CF3B719AB17B200C9D3D2 /* tipcalculator.app */;
			productType = "com.apple.product-type.application";
		};
		B50CF3C819AB17B400C9D3D2 /* tipcalculatorTests */ = {
			isa = PBXNativeTarget;
			buildConfigurationList = B50CF3D619AB17B400C9D3D2 /* Build configuration list for PBXNativeTarget "tipcalculatorTests" */;
			buildPhases = (
				B50CF3C519AB17B400C9D3D2 /* Sources */,
				B50CF3C619AB17B400C9D3D2 /* Frameworks */,
				B50CF3C719AB17B400C9D3D2 /* Resources */,
			);
			buildRules = (
			);
			dependencies = (
				B50CF3CB19AB17B400C9D3D2 /* PBXTargetDependency */,
			);
			name = tipcalculatorTests;
			productName = tipcalculatorTests;
			productReference = B50CF3C919AB17B400C9D3D2 /* tipcalculatorTests.xctest */;
			productType = "com.apple.product-type.bundle.unit-test";
		};
/* End PBXNativeTarget section */

/* Begin PBXProject section */
		B50CF3AF19AB17B100C9D3D2 /* Project object */ = {
			isa = PBXProject;
			attributes = {
				LastUpgradeCheck = 0600;
				ORGANIZATIONNAME = "Binh Hoang";
				TargetAttributes = {
					B50CF3B619AB17B200C9D3D2 = {
						CreatedOnToolsVersion = 6.0;
					};
					B50CF3C819AB17B400C9D3D2 = {
						CreatedOnToolsVersion = 6.0;
						TestTargetID = B50CF3B619AB17B200C9D3D2;
					};
				};
			};
			buildConfigurationList = B50CF3B219AB17B100C9D3D2 /* Build configuration list for PBXProject "tipcalculator" */;
			compatibilityVersion = "Xcode 3.2";
			developmentRegion = English;
			hasScannedForEncodings = 0;
			knownRegions = (
				en,
				Base,
			);
			mainGroup = B50CF3AE19AB17B100C9D3D2;
			productRefGroup = B50CF3B819AB17B200C9D3D2 /* Products */;
			projectDirPath = "";
			projectRoot = "";
			targets = (
				B50CF3B619AB17B200C9D3D2 /* tipcalculator */,
				B50CF3C819AB17B400C9D3D2 /* tipcalculatorTests */,
			);
		};
/* End PBXProject section */

/* Begin PBXResourcesBuildPhase section */
		B50CF3B519AB17B200C9D3D2 /* Resources */ = {
			isa = PBXResourcesBuildPhase;
			buildActionMask = 2147483647;
			files = (
				B50CF3C219AB17B400C9D3D2 /* Main.storyboard in Resources */,
				B50CF3C419AB17B400C9D3D2 /* Images.xcassets in Resources */,
			);
			runOnlyForDeploymentPostprocessing = 0;
		};
		B50CF3C719AB17B400C9D3D2 /* Resources */ = {
			isa = PBXResourcesBuildPhase;
			buildActionMask = 2147483647;
			files = (
			);
			runOnlyForDeploymentPostprocessing = 0;
		};
/* End PBXResourcesBuildPhase section */

/* Begin PBXSourcesBuildPhase section */
		B50CF3B319AB17B200C9D3D2 /* Sources */ = {
			isa = PBXSourcesBuildPhase;
			buildActionMask = 2147483647;
			files = (
				B50CF3BF19AB17B400C9D3D2 /* ViewController.swift in Sources */,
				B50CF3BD19AB17B300C9D3D2 /* AppDelegate.swift in Sources */,
			);
			runOnlyForDeploymentPostprocessing = 0;
		};
		B50CF3C519AB17B400C9D3D2 /* Sources */ = {
			isa = PBXSourcesBuildPhase;
			buildActionMask = 2147483647;
			files = (
				B50CF3D019AB17B400C9D3D2 /* tipcalculatorTests.swift in Sources */,
			);
			runOnlyForDeploymentPostprocessing = 0;
		};
/* End PBXSourcesBuildPhase section */

/* Begin PBXTargetDependency section */
		B50CF3CB19AB17B400C9D3D2 /* PBXTargetDependency */ = {
			isa = PBXTargetDependency;
			target = B50CF3B619AB17B200C9D3D2 /* tipcalculator */;
			targetProxy = B50CF3CA19AB17B400C9D3D2 /* PBXContainerItemProxy */;
		};
/* End PBXTargetDependency section */

/* Begin PBXVariantGroup section */
		B50CF3C019AB17B400C9D3D2 /* Main.storyboard */ = {
			isa = PBXVariantGroup;
			children = (
				B50CF3C119AB17B400C9D3D2 /* Base */,
			);
			name = Main.storyboard;
			sourceTree = "<group>";
		};
/* End PBXVariantGroup section */

/* Begin XCBuildConfiguration section */
		B50CF3D119AB17B400C9D3D2 /* Debug */ = {
			isa = XCBuildConfiguration;
			buildSettings = {
				ALWAYS_SEARCH_USER_PATHS = NO;
				CLANG_CXX_LANGUAGE_STANDARD = "gnu++0x";
				CLANG_CXX_LIBRARY = "libc++";
				CLANG_ENABLE_MODULES = YES;
				CLANG_ENABLE_OBJC_ARC = YES;
				CLANG_WARN_BOOL_CONVERSION = YES;
				CLANG_WARN_CONSTANT_CONVERSION = YES;
				CLANG_WARN_DIRECT_OBJC_ISA_USAGE = YES_ERROR;
				CLANG_WARN_EMPTY_BODY = YES;
				CLANG_WARN_ENUM_CONVERSION = YES;
				CLANG_WARN_INT_CONVERSION = YES;
				CLANG_WARN_OBJC_ROOT_CLASS = YES_ERROR;
				CLANG_WARN_UNREACHABLE_CODE = YES;
				CLANG_WARN__DUPLICATE_METHOD_MATCH = YES;
				"CODE_SIGN_IDENTITY[sdk=iphoneos*]" = "iPhone Developer";
				COPY_PHASE_STRIP = NO;
				ENABLE_STRICT_OBJC_MSGSEND = YES;
				GCC_C_LANGUAGE_STANDARD = gnu99;
				GCC_DYNAMIC_NO_PIC = NO;
				GCC_OPTIMIZATION_LEVEL = 0;
				GCC_PREPROCESSOR_DEFINITIONS = (
					"DEBUG=1",
					"$(inherited)",
				);
				GCC_SYMBOLS_PRIVATE_EXTERN = NO;
				GCC_WARN_64_TO_32_BIT_CONVERSION = YES;
				GCC_WARN_ABOUT_RETURN_TYPE = YES_ERROR;
				GCC_WARN_UNDECLARED_SELECTOR = YES;
				GCC_WARN_UNINITIALIZED_AUTOS = YES_AGGRESSIVE;
				GCC_WARN_UNUSED_FUNCTION = YES;
				GCC_WARN_UNUSED_VARIABLE = YES;
				IPHONEOS_DEPLOYMENT_TARGET = 8.0;
				MTL_ENABLE_DEBUG_INFO = YES;
				ONLY_ACTIVE_ARCH = YES;
				SDKROOT = iphoneos;
				SWIFT_OPTIMIZATION_LEVEL = "-Onone";
			};
			name = Debug;
		};
		B50CF3D219AB17B400C9D3D2 /* Release */ = {
			isa = XCBuildConfiguration;
			buildSettings = {
				ALWAYS_SEARCH_USER_PATHS = NO;
				CLANG_CXX_LANGUAGE_STANDARD = "gnu++0x";
				CLANG_CXX_LIBRARY = "libc++";
				CLANG_ENABLE_MODULES = YES;
				CLANG_ENABLE_OBJC_ARC = YES;
				CLANG_WARN_BOOL_CONVERSION = YES;
				CLANG_WARN_CONSTANT_CONVERSION = YES;
				CLANG_WARN_DIRECT_OBJC_ISA_USAGE = YES_ERROR;
				CLANG_WARN_EMPTY_BODY = YES;
				CLANG_WARN_ENUM_CONVERSION = YES;
				CLANG_WARN_INT_CONVERSION = YES;
				CLANG_WARN_OBJC_ROOT_CLASS = YES_ERROR;
				CLANG_WARN_UNREACHABLE_CODE = YES;
				CLANG_WARN__DUPLICATE_METHOD_MATCH = YES;
				"CODE_SIGN_IDENTITY[sdk=iphoneos*]" = "iPhone Developer";
				COPY_PHASE_STRIP = YES;
				ENABLE_NS_ASSERTIONS = NO;
				ENABLE_STRICT_OBJC_MSGSEND = YES;
				GCC_C_LANGUAGE_STANDARD = gnu99;
				GCC_WARN_64_TO_32_BIT_CONVERSION = YES;
				GCC_WARN_ABOUT_RETURN_TYPE = YES_ERROR;
				GCC_WARN_UNDECLARED_SELECTOR = YES;
				GCC_WARN_UNINITIALIZED_AUTOS = YES_AGGRESSIVE;
				GCC_WARN_UNUSED_FUNCTION = YES;
				GCC_WARN_UNUSED_VARIABLE = YES;
				IPHONEOS_DEPLOYMENT_TARGET = 8.0;
				MTL_ENABLE_DEBUG_INFO = NO;
				SDKROOT = iphoneos;
				VALIDATE_PRODUCT = YES;
			};
			name = Release;
		};
		B50CF3D419AB17B400C9D3D2 /* Debug */ = {
			isa = XCBuildConfiguration;
			buildSettings = {
				ASSETCATALOG_COMPILER_APPICON_NAME = AppIcon;
				ASSETCATALOG_COMPILER_LAUNCHIMAGE_NAME = LaunchImage;
				INFOPLIST_FILE = tipcalculator/Info.plist;
				IPHONEOS_DEPLOYMENT_TARGET = 7.0;
				LD_RUNPATH_SEARCH_PATHS = "$(inherited) @executable_path/Frameworks";
				PRODUCT_NAME = "$(TARGET_NAME)";
			};
			name = Debug;
		};
		B50CF3D519AB17B400C9D3D2 /* Release */ = {
			isa = XCBuildConfiguration;
			buildSettings = {
				ASSETCATALOG_COMPILER_APPICON_NAME = AppIcon;
				ASSETCATALOG_COMPILER_LAUNCHIMAGE_NAME = LaunchImage;
				INFOPLIST_FILE = tipcalculator/Info.plist;
				IPHONEOS_DEPLOYMENT_TARGET = 7.0;
				LD_RUNPATH_SEARCH_PATHS = "$(inherited) @executable_path/Frameworks";
				PRODUCT_NAME = "$(TARGET_NAME)";
			};
			name = Release;
		};
		B50CF3D719AB17B400C9D3D2 /* Debug */ = {
			isa = XCBuildConfiguration;
			buildSettings = {
				BUNDLE_LOADER = "$(TEST_HOST)";
				FRAMEWORK_SEARCH_PATHS = (
					"$(SDKROOT)/Developer/Library/Frameworks",
					"$(inherited)",
				);
				GCC_PREPROCESSOR_DEFINITIONS = (
					"DEBUG=1",
					"$(inherited)",
				);
				INFOPLIST_FILE = tipcalculatorTests/Info.plist;
				LD_RUNPATH_SEARCH_PATHS = "$(inherited) @executable_path/Frameworks @loader_path/Frameworks";
				PRODUCT_NAME = "$(TARGET_NAME)";
				TEST_HOST = "$(BUILT_PRODUCTS_DIR)/tipcalculator.app/tipcalculator";
			};
			name = Debug;
		};
		B50CF3D819AB17B400C9D3D2 /* Release */ = {
			isa = XCBuildConfiguration;
			buildSettings = {
				BUNDLE_LOADER = "$(TEST_HOST)";
				FRAMEWORK_SEARCH_PATHS = (
					"$(SDKROOT)/Developer/Library/Frameworks",
					"$(inherited)",
				);
				INFOPLIST_FILE = tipcalculatorTests/Info.plist;
				LD_RUNPATH_SEARCH_PATHS = "$(inherited) @executable_path/Frameworks @loader_path/Frameworks";
				PRODUCT_NAME = "$(TARGET_NAME)";
				TEST_HOST = "$(BUILT_PRODUCTS_DIR)/tipcalculator.app/tipcalculator";
			};
			name = Release;
		};
/* End XCBuildConfiguration section */

/* Begin XCConfigurationList section */
		B50CF3B219AB17B100C9D3D2 /* Build configuration list for PBXProject "tipcalculator" */ = {
			isa = XCConfigurationList;
			buildConfigurations = (
				B50CF3D119AB17B400C9D3D2 /* Debug */,
				B50CF3D219AB17B400C9D3D2 /* Release */,
			);
			defaultConfigurationIsVisible = 0;
			defaultConfigurationName = Release;
		};
		B50CF3D319AB17B400C9D3D2 /* Build configuration list for PBXNativeTarget "tipcalculator" */ = {
			isa = XCConfigurationList;
			buildConfigurations = (
				B50CF3D419AB17B400C9D3D2 /* Debug */,
				B50CF3D519AB17B400C9D3D2 /* Release */,
			);
			defaultConfigurationIsVisible = 0;
			defaultConfigurationName = Release;
		};
		B50CF3D619AB17B400C9D3D2 /* Build configuration list for PBXNativeTarget "tipcalculatorTests" */ = {
			isa = XCConfigurationList;
			buildConfigurations = (
				B50CF3D719AB17B400C9D3D2 /* Debug */,
				B50CF3D819AB17B400C9D3D2 /* Release */,
			);
			defaultConfigurationIsVisible = 0;
			defaultConfigurationName = Release;
		};
/* End XCConfigurationList section */
	};
	rootObject = B50CF3AF19AB17B100C9D3D2 /* Project object */;
}
